lockfileVersion: 5.4

specifiers:
  '@octokit/webhooks': ^10.1.5
  dotenv: ^16.0.2
  fastq: ^1.13.0
  loglevel: ^1.8.0

dependencies:
  '@octokit/webhooks': 10.1.5
  dotenv: 16.0.2
  fastq: 1.13.0
  loglevel: 1.8.0

packages:

  /@octokit/openapi-types/13.12.0:
    resolution: {integrity: sha512-1QYzZrwnn3rTQE7ZoSxXrO8lhu0aIbac1c+qIPOPEaVXBWSaUyLV1x9yt4uDQOwmu6u5ywVS8OJgs+ErDLf6vQ==}
    dev: false

  /@octokit/request-error/3.0.1:
    resolution: {integrity: sha512-ym4Bp0HTP7F3VFssV88WD1ZyCIRoE8H35pXSKwLeMizcdZAYc/t6N9X9Yr9n6t3aG9IH75XDnZ6UeZph0vHMWQ==}
    engines: {node: '>= 14'}
    dependencies:
      '@octokit/types': 7.5.0
      deprecation: 2.3.1
      once: 1.4.0
    dev: false

  /@octokit/types/7.5.0:
    resolution: {integrity: sha512-aHm+olfIZjQpzoODpl+RCZzchKOrdSLJs+yfI7pMMcmB19Li6vidgx0DwUDO/Ic4Q3fq/lOjJORVCcLZefcrJw==}
    dependencies:
      '@octokit/openapi-types': 13.12.0
    dev: false

  /@octokit/webhooks-methods/3.0.0:
    resolution: {integrity: sha512-FAIyAchH9JUKXugKMC17ERAXM/56vVJekwXOON46pmUDYfU7uXB4cFY8yc8nYr5ABqVI7KjRKfFt3mZF7OcyUA==}
    engines: {node: '>= 14'}
    dev: false

  /@octokit/webhooks-types/6.3.6:
    resolution: {integrity: sha512-x6yBtWobk20OhOiJ4VWsH3iJ/30IG+VoDWSgS4Tiyidi2KOiBS3bL+AJrNuq4OyNuWOM/FbHQTp6KEZs1oPD/g==}
    dev: false

  /@octokit/webhooks/10.1.5:
    resolution: {integrity: sha512-sQkxM6l9HdG1vsHFj2T/o8SnCPDDxovcs0rsSd4UR5jJFNPCPIBRmFNVHfM37nncLKuTwIpmMeePphNf1k6Waw==}
    engines: {node: '>= 14'}
    dependencies:
      '@octokit/request-error': 3.0.1
      '@octokit/webhooks-methods': 3.0.0
      '@octokit/webhooks-types': 6.3.6
      aggregate-error: 3.1.0
    dev: false

  /aggregate-error/3.1.0:
    resolution: {integrity: sha512-4I7Td01quW/RpocfNayFdFVk1qSuoh0E7JrbRJ16nH01HhKFQ88INq9Sd+nd72zqRySlr9BmDA8xlEJ6vJMrYA==}
    engines: {node: '>=8'}
    dependencies:
      clean-stack: 2.2.0
      indent-string: 4.0.0
    dev: false

  /clean-stack/2.2.0:
    resolution: {integrity: sha512-4diC9HaTE+KRAMWhDhrGOECgWZxoevMc5TlkObMqNSsVU62PYzXZ/SMTjzyGAFF1YusgxGcSWTEXBhp0CPwQ1A==}
    engines: {node: '>=6'}
    dev: false

  /deprecation/2.3.1:
    resolution: {integrity: sha512-xmHIy4F3scKVwMsQ4WnVaS8bHOx0DmVwRywosKhaILI0ywMDWPtBSku2HNxRvF7jtwDRsoEwYQSfbxj8b7RlJQ==}
    dev: false

  /dotenv/16.0.2:
    resolution: {integrity: sha512-JvpYKUmzQhYoIFgK2MOnF3bciIZoItIIoryihy0rIA+H4Jy0FmgyKYAHCTN98P5ybGSJcIFbh6QKeJdtZd1qhA==}
    engines: {node: '>=12'}
    dev: false

  /fastq/1.13.0:
    resolution: {integrity: sha512-YpkpUnK8od0o1hmeSc7UUs/eB/vIPWJYjKck2QKIzAf71Vm1AAQ3EbuZB3g2JIy+pg+ERD0vqI79KyZiB2e2Nw==}
    dependencies:
      reusify: 1.0.4
    dev: false

  /indent-string/4.0.0:
    resolution: {integrity: sha512-EdDDZu4A2OyIK7Lr/2zG+w5jmbuk1DVBnEwREQvBzspBJkCEbRa8GxU1lghYcaGJCnRWibjDXlq779X1/y5xwg==}
    engines: {node: '>=8'}
    dev: false

  /loglevel/1.8.0:
    resolution: {integrity: sha512-G6A/nJLRgWOuuwdNuA6koovfEV1YpqqAG4pRUlFaz3jj2QNZ8M4vBqnVA+HBTmU/AMNUtlOsMmSpF6NyOjztbA==}
    engines: {node: '>= 0.6.0'}
    dev: false

  /once/1.4.0:
    resolution: {integrity: sha512-lNaJgI+2Q5URQBkccEKHTQOPaXdUxnZZElQTZY0MFUAuaEqe1E+Nyvgdz/aIyNi6Z9MzO5dv1H8n58/GELp3+w==}
    dependencies:
      wrappy: 1.0.2
    dev: false

  /reusify/1.0.4:
    resolution: {integrity: sha512-U9nH88a3fc/ekCF1l0/UP1IosiuIjyTh7hBvXVMHYgVcfGvt897Xguj2UOLDeI5BG2m7/uwyaLVT6fbtCwTyzw==}
    engines: {iojs: '>=1.0.0', node: '>=0.10.0'}
    dev: false

  /wrappy/1.0.2:
    resolution: {integrity: sha512-l4Sp/DRseor9wL6EvV2+TuQn63dMkPjZ/sp9XkghTEbV9KlPS1xUsZ3u7/IQO4wxtcFB4bgpQPRcR3QCvezPcQ==}
    dev: false
